// !$*UTF8*$!
{
	archiveVersion = 1;
	classes = {
	};
	objectVersion = 46;
	objects = {

/* Begin PBXBuildFile section */
		A82DEBC41FBD5CCA00DD053E /* main.m in Sources */ = {isa = PBXBuildFile; fileRef = A82DEBC31FBD5CCA00DD053E /* main.m */; };
		A82DEBC71FBD5CCA00DD053E /* AppDelegate.m in Sources */ = {isa = PBXBuildFile; fileRef = A82DEBC61FBD5CCA00DD053E /* AppDelegate.m */; };
		A82DEBCA1FBD5CCA00DD053E /* ViewController.m in Sources */ = {isa = PBXBuildFile; fileRef = A82DEBC91FBD5CCA00DD053E /* ViewController.m */; };
		A82DEBCD1FBD5CCA00DD053E /* Main.storyboard in Resources */ = {isa = PBXBuildFile; fileRef = A82DEBCB1FBD5CCA00DD053E /* Main.storyboard */; };
		A82DEBCF1FBD5CCA00DD053E /* Assets.xcassets in Resources */ = {isa = PBXBuildFile; fileRef = A82DEBCE1FBD5CCA00DD053E /* Assets.xcassets */; };
		A82DEBD21FBD5CCA00DD053E /* LaunchScreen.storyboard in Resources */ = {isa = PBXBuildFile; fileRef = A82DEBD01FBD5CCA00DD053E /* LaunchScreen.storyboard */; };
		A82DEBDD1FBD5CCA00DD053E /* testxxxUITests.m in Sources */ = {isa = PBXBuildFile; fileRef = A82DEBDC1FBD5CCA00DD053E /* testxxxUITests.m */; };
/* End PBXBuildFile section */

/* Begin PBXContainerItemProxy section */
		A82DEBD91FBD5CCA00DD053E /* PBXContainerItemProxy */ = {
			isa = PBXContainerItemProxy;
			containerPortal = A82DEBB71FBD5CCA00DD053E /* Project object */;
			proxyType = 1;
			remoteGlobalIDString = A82DEBBE1FBD5CCA00DD053E;
			remoteInfo = testxxx;
		};
/* End PBXContainerItemProxy section */

/* Begin PBXFileReference section */
		A82DEBBF1FBD5CCA00DD053E /* testxxx.app */ = {isa = PBXFileReference; explicitFileType = wrapper.application; includeInIndex = 0; path = testxxx.app; sourceTree = BUILT_PRODUCTS_DIR; };
		A82DEBC31FBD5CCA00DD053E /* main.m */ = {isa = PBXFileReference; lastKnownFileType = sourcecode.c.objc; path = main.m; sourceTree = "<group>"; };
		A82DEBC51FBD5CCA00DD053E /* AppDelegate.h */ = {isa = PBXFileReference; lastKnownFileType = sourcecode.c.h; path = AppDelegate.h; sourceTree = "<group>"; };
		A82DEBC61FBD5CCA00DD053E /* AppDelegate.m */ = {isa = PBXFileReference; lastKnownFileType = sourcecode.c.objc; path = AppDelegate.m; sourceTree = "<group>"; };
		A82DEBC81FBD5CCA00DD053E /* ViewController.h */ = {isa = PBXFileReference; lastKnownFileType = sourcecode.c.h; path = ViewController.h; sourceTree = "<group>"; };
		A82DEBC91FBD5CCA00DD053E /* ViewController.m */ = {isa = PBXFileReference; lastKnownFileType = sourcecode.c.objc; path = ViewController.m; sourceTree = "<group>"; };
		A82DEBCC1FBD5CCA00DD053E /* Base */ = {isa = PBXFileReference; lastKnownFileType = file.storyboard; name = Base; path = Base.lproj/Main.storyboard; sourceTree = "<group>"; };
		A82DEBCE1FBD5CCA00DD053E /* Assets.xcassets */ = {isa = PBXFileReference; lastKnownFileType = folder.assetcatalog; path = Assets.xcassets; sourceTree = "<group>"; };
		A82DEBD11FBD5CCA00DD053E /* Base */ = {isa = PBXFileReference; lastKnownFileType = file.storyboard; name = Base; path = Base.lproj/LaunchScreen.storyboard; sourceTree = "<group>"; };
		A82DEBD31FBD5CCA00DD053E /* Info.plist */ = {isa = PBXFileReference; lastKnownFileType = text.plist.xml; path = Info.plist; sourceTree = "<group>"; };
		A82DEBD81FBD5CCA00DD053E /* testxxxUITests.xctest */ = {isa = PBXFileReference; explicitFileType = wrapper.cfbundle; includeInIndex = 0; path = testxxxUITests.xctest; sourceTree = BUILT_PRODUCTS_DIR; };
		A82DEBDC1FBD5CCA00DD053E /* testxxxUITests.m */ = {isa = PBXFileReference; lastKnownFileType = sourcecode.c.objc; path = testxxxUITests.m; sourceTree = "<group>"; };
		A82DEBDE1FBD5CCA00DD053E /* Info.plist */ = {isa = PBXFileReference; lastKnownFileType = text.plist.xml; path = Info.plist; sourceTree = "<group>"; };
/* End PBXFileReference section */

/* Begin PBXFrameworksBuildPhase section */
		A82DEBBC1FBD5CCA00DD053E /* Frameworks */ = {
			isa = PBXFrameworksBuildPhase;
			buildActionMask = 2147483647;
			files = (
			);
			runOnlyForDeploymentPostprocessing = 0;
		};
		A82DEBD51FBD5CCA00DD053E /* Frameworks */ = {
			isa = PBXFrameworksBuildPhase;
			buildActionMask = 2147483647;
			files = (
			);
			runOnlyForDeploymentPostprocessing = 0;
		};
/* End PBXFrameworksBuildPhase section */

/* Begin PBXGroup section */
		A82DEBB61FBD5CCA00DD053E = {
			isa = PBXGroup;
			children = (
				A82DEBC11FBD5CCA00DD053E /* testxxx */,
				A82DEBDB1FBD5CCA00DD053E /* testxxxUITests */,
				A82DEBC01FBD5CCA00DD053E /* Products */,
			);
			sourceTree = "<group>";
		};
		A82DEBC01FBD5CCA00DD053E /* Products */ = {
			isa = PBXGroup;
			children = (
				A82DEBBF1FBD5CCA00DD053E /* testxxx.app */,
				A82DEBD81FBD5CCA00DD053E /* testxxxUITests.xctest */,
			);
			name = Products;
			sourceTree = "<group>";
		};
		A82DEBC11FBD5CCA00DD053E /* testxxx */ = {
			isa = PBXGroup;
			children = (
				A82DEBC51FBD5CCA00DD053E /* AppDelegate.h */,
				A82DEBC61FBD5CCA00DD053E /* AppDelegate.m */,
				A82DEBC81FBD5CCA00DD053E /* ViewController.h */,
				A82DEBC91FBD5CCA00DD053E /* ViewController.m */,
				A82DEBCB1FBD5CCA00DD053E /* Main.storyboard */,
				A82DEBCE1FBD5CCA00DD053E /* Assets.xcassets */,
				A82DEBD01FBD5CCA00DD053E /* LaunchScreen.storyboard */,
				A82DEBD31FBD5CCA00DD053E /* Info.plist */,
				A82DEBC21FBD5CCA00DD053E /* Supporting Files */,
			);
			path = testxxx;
			sourceTree = "<group>";
		};
		A82DEBC21FBD5CCA00DD053E /* Supporting Files */ = {
			isa = PBXGroup;
			children = (
				A82DEBC31FBD5CCA00DD053E /* main.m */,
			);
			name = "Supporting Files";
			sourceTree = "<group>";
		};
		A82DEBDB1FBD5CCA00DD053E /* testxxxUITests */ = {
			isa = PBXGroup;
			children = (
				A82DEBDC1FBD5CCA00DD053E /* testxxxUITests.m */,
				A82DEBDE1FBD5CCA00DD053E /* Info.plist */,
			);
			path = testxxxUITests;
			sourceTree = "<group>";
		};
/* End PBXGroup section */

/* Begin PBXNativeTarget section */
		A82DEBBE1FBD5CCA00DD053E /* testxxx */ = {
			isa = PBXNativeTarget;
			buildConfigurationList = A82DEBE11FBD5CCA00DD053E /* Build configuration list for PBXNativeTarget "testxxx" */;
			buildPhases = (
				A82DEBBB1FBD5CCA00DD053E /* Sources */,
				A82DEBBC1FBD5CCA00DD053E /* Frameworks */,
				A82DEBBD1FBD5CCA00DD053E /* Resources */,
			);
			buildRules = (
			);
			dependencies = (
			);
			name = testxxx;
			productName = testxxx;
			productReference = A82DEBBF1FBD5CCA00DD053E /* testxxx.app */;
			productType = "com.apple.product-type.application";
		};
		A82DEBD71FBD5CCA00DD053E /* testxxxUITests */ = {
			isa = PBXNativeTarget;
			buildConfigurationList = A82DEBE41FBD5CCA00DD053E /* Build configuration list for PBXNativeTarget "testxxxUITests" */;
			buildPhases = (
				A82DEBD41FBD5CCA00DD053E /* Sources */,
				A82DEBD51FBD5CCA00DD053E /* Frameworks */,
				A82DEBD61FBD5CCA00DD053E /* Resources */,
			);
			buildRules = (
			);
			dependencies = (
				A82DEBDA1FBD5CCA00DD053E /* PBXTargetDependency */,
			);
			name = testxxxUITests;
			productName = testxxxUITests;
			productReference = A82DEBD81FBD5CCA00DD053E /* testxxxUITests.xctest */;
			productType = "com.apple.product-type.bundle.ui-testing";
		};
/* End PBXNativeTarget section */

/* Begin PBXProject section */
		A82DEBB71FBD5CCA00DD053E /* Project object */ = {
			isa = PBXProject;
			attributes = {
				LastUpgradeCheck = 0830;
				ORGANIZATIONNAME = Cilan;
				TargetAttributes = {
					A82DEBBE1FBD5CCA00DD053E = {
						CreatedOnToolsVersion = 8.3.3;
						ProvisioningStyle = Automatic;
					};
					A82DEBD71FBD5CCA00DD053E = {
						CreatedOnToolsVersion = 8.3.3;
						ProvisioningStyle = Automatic;
						TestTargetID = A82DEBBE1FBD5CCA00DD053E;
					};
				};
			};
			buildConfigurationList = A82DEBBA1FBD5CCA00DD053E /* Build configuration list for PBXProject "testxxx" */;
			compatibilityVersion = "Xcode 3.2";
			developmentRegion = English;
			hasScannedForEncodings = 0;
			knownRegions = (
				en,
				Base,
			);
			mainGroup = A82DEBB61FBD5CCA00DD053E;
			productRefGroup = A82DEBC01FBD5CCA00DD053E /* Products */;
			projectDirPath = "";
			projectRoot = "";
			targets = (
				A82DEBBE1FBD5CCA00DD053E /* testxxx */,
				A82DEBD71FBD5CCA00DD053E /* testxxxUITests */,
			);
		};
/* End PBXProject section */

/* Begin PBXResourcesBuildPhase section */
		A82DEBBD1FBD5CCA00DD053E /* Resources */ = {
			isa = PBXResourcesBuildPhase;
			buildActionMask = 2147483647;
			files = (
				A82DEBD21FBD5CCA00DD053E /* LaunchScreen.storyboard in Resources */,
				A82DEBCF1FBD5CCA00DD053E /* Assets.xcassets in Resources */,
				A82DEBCD1FBD5CCA00DD053E /* Main.storyboard in Resources */,
			);
			runOnlyForDeploymentPostprocessing = 0;
		};
		A82DEBD61FBD5CCA00DD053E /* Resources */ = {
			isa = PBXResourcesBuildPhase;
			buildActionMask = 2147483647;
			files = (
			);
			runOnlyForDeploymentPostprocessing = 0;
		};
/* End PBXResourcesBuildPhase section */

/* Begin PBXSourcesBuildPhase section */
		A82DEBBB1FBD5CCA00DD053E /* Sources */ = {
			isa = PBXSourcesBuildPhase;
			buildActionMask = 2147483647;
			files = (
				A82DEBCA1FBD5CCA00DD053E /* ViewController.m in Sources */,
				A82DEBC71FBD5CCA00DD053E /* AppDelegate.m in Sources */,
				A82DEBC41FBD5CCA00DD053E /* main.m in Sources */,
			);
			runOnlyForDeploymentPostprocessing = 0;
		};
		A82DEBD41FBD5CCA00DD053E /* Sources */ = {
			isa = PBXSourcesBuildPhase;
			buildActionMask = 2147483647;
			files = (
				A82DEBDD1FBD5CCA00DD053E /* testxxxUITests.m in Sources */,
			);
			runOnlyForDeploymentPostprocessing = 0;
		};
/* End PBXSourcesBuildPhase section */

/* Begin PBXTargetDependency section */
		A82DEBDA1FBD5CCA00DD053E /* PBXTargetDependency */ = {
			isa = PBXTargetDependency;
			target = A82DEBBE1FBD5CCA00DD053E /* testxxx */;
			targetProxy = A82DEBD91FBD5CCA00DD053E /* PBXContainerItemProxy */;
		};
/* End PBXTargetDependency section */

/* Begin PBXVariantGroup section */
		A82DEBCB1FBD5CCA00DD053E /* Main.storyboard */ = {
			isa = PBXVariantGroup;
			children = (
				A82DEBCC1FBD5CCA00DD053E /* Base */,
			);
			name = Main.storyboard;
			sourceTree = "<group>";
		};
		A82DEBD01FBD5CCA00DD053E /* LaunchScreen.storyboard */ = {
			isa = PBXVariantGroup;
			children = (
				A82DEBD11FBD5CCA00DD053E /* Base */,
			);
			name = LaunchScreen.storyboard;
			sourceTree = "<group>";
		};
/* End PBXVariantGroup section */

/* Begin XCBuildConfiguration section */
		A82DEBDF1FBD5CCA00DD053E /* Debug */ = {
			isa = XCBuildConfiguration;
			buildSettings = {
				ALWAYS_SEARCH_USER_PATHS = NO;
				CLANG_ANALYZER_NONNULL = YES;
				CLANG_ANALYZER_NUMBER_OBJECT_CONVERSION = YES_AGGRESSIVE;
				CLANG_CXX_LANGUAGE_STANDARD = "gnu++0x";
				CLANG_CXX_LIBRARY = "libc++";
				CLANG_ENABLE_MODULES = YES;
				CLANG_ENABLE_OBJC_ARC = YES;
				CLANG_WARN_BOOL_CONVERSION = YES;
				CLANG_WARN_CONSTANT_CONVERSION = YES;
				CLANG_WARN_DIRECT_OBJC_ISA_USAGE = YES_ERROR;
				CLANG_WARN_DOCUMENTATION_COMMENTS = YES;
				CLANG_WARN_EMPTY_BODY = YES;
				CLANG_WARN_ENUM_CONVERSION = YES;
				CLANG_WARN_INFINITE_RECURSION = YES;
				CLANG_WARN_INT_CONVERSION = YES;
				CLANG_WARN_OBJC_ROOT_CLASS = YES_ERROR;
				CLANG_WARN_SUSPICIOUS_MOVE = YES;
				CLANG_WARN_UNREACHABLE_CODE = YES;
				CLANG_WARN__DUPLICATE_METHOD_MATCH = YES;
				"CODE_SIGN_IDENTITY[sdk=iphoneos*]" = "iPhone Developer";
				COPY_PHASE_STRIP = NO;
				DEBUG_INFORMATION_FORMAT = dwarf;
				ENABLE_STRICT_OBJC_MSGSEND = YES;
				ENABLE_TESTABILITY = YES;
				GCC_C_LANGUAGE_STANDARD = gnu99;
				GCC_DYNAMIC_NO_PIC = NO;
				GCC_NO_COMMON_BLOCKS = YES;
				GCC_OPTIMIZATION_LEVEL = 0;
				GCC_PREPROCESSOR_DEFINITIONS = (
					"DEBUG=1",
					"$(inherited)",
				);
				GCC_WARN_64_TO_32_BIT_CONVERSION = YES;
				GCC_WARN_ABOUT_RETURN_TYPE = YES_ERROR;
				GCC_WARN_UNDECLARED_SELECTOR = YES;
				GCC_WARN_UNINITIALIZED_AUTOS = YES_AGGRESSIVE;
				GCC_WARN_UNUSED_FUNCTION = YES;
				GCC_WARN_UNUSED_VARIABLE = YES;
				IPHONEOS_DEPLOYMENT_TARGET = 10.3;
				MTL_ENABLE_DEBUG_INFO = YES;
				ONLY_ACTIVE_ARCH = YES;
				SDKROOT = iphoneos;
				TARGETED_DEVICE_FAMILY = "1,2";
			};
			name = Debug;
		};
		A82DEBE01FBD5CCA00DD053E /* Release */ = {
			isa = XCBuildConfiguration;
			buildSettings = {
				ALWAYS_SEARCH_USER_PATHS = NO;
				CLANG_ANALYZER_NONNULL = YES;
				CLANG_ANALYZER_NUMBER_OBJECT_CONVERSION = YES_AGGRESSIVE;
				CLANG_CXX_LANGUAGE_STANDARD = "gnu++0x";
				CLANG_CXX_LIBRARY = "libc++";
				CLANG_ENABLE_MODULES = YES;
				CLANG_ENABLE_OBJC_ARC = YES;
				CLANG_WARN_BOOL_CONVERSION = YES;
				CLANG_WARN_CONSTANT_CONVERSION = YES;
				CLANG_WARN_DIRECT_OBJC_ISA_USAGE = YES_ERROR;
				CLANG_WARN_DOCUMENTATION_COMMENTS = YES;
				CLANG_WARN_EMPTY_BODY = YES;
				CLANG_WARN_ENUM_CONVERSION = YES;
				CLANG_WARN_INFINITE_RECURSION = YES;
				CLANG_WARN_INT_CONVERSION = YES;
				CLANG_WARN_OBJC_ROOT_CLASS = YES_ERROR;
				CLANG_WARN_SUSPICIOUS_MOVE = YES;
				CLANG_WARN_UNREACHABLE_CODE = YES;
				CLANG_WARN__DUPLICATE_METHOD_MATCH = YES;
				"CODE_SIGN_IDENTITY[sdk=iphoneos*]" = "iPhone Developer";
				COPY_PHASE_STRIP = NO;
				DEBUG_INFORMATION_FORMAT = "dwarf-with-dsym";
				ENABLE_NS_ASSERTIONS = NO;
				ENABLE_STRICT_OBJC_MSGSEND = YES;
				GCC_C_LANGUAGE_STANDARD = gnu99;
				GCC_NO_COMMON_BLOCKS = YES;
				GCC_WARN_64_TO_32_BIT_CONVERSION = YES;
				GCC_WARN_ABOUT_RETURN_TYPE = YES_ERROR;
				GCC_WARN_UNDECLARED_SELECTOR = YES;
				GCC_WARN_UNINITIALIZED_AUTOS = YES_AGGRESSIVE;
				GCC_WARN_UNUSED_FUNCTION = YES;
				GCC_WARN_UNUSED_VARIABLE = YES;
				IPHONEOS_DEPLOYMENT_TARGET = 10.3;
				MTL_ENABLE_DEBUG_INFO = NO;
				SDKROOT = iphoneos;
				TARGETED_DEVICE_FAMILY = "1,2";
				VALIDATE_PRODUCT = YES;
			};
			name = Release;
		};
		A82DEBE21FBD5CCA00DD053E /* Debug */ = {
			isa = XCBuildConfiguration;
			buildSettings = {
				ASSETCATALOG_COMPILER_APPICON_NAME = AppIcon;
				INFOPLIST_FILE = testxxx/Info.plist;
				LD_RUNPATH_SEARCH_PATHS = "$(inherited) @executable_path/Frameworks";
				PRODUCT_BUNDLE_IDENTIFIER = com.cinlan.testxxx;
				PRODUCT_NAME = "$(TARGET_NAME)";
			};
			name = Debug;
		};
		A82DEBE31FBD5CCA00DD053E /* Release */ = {
			isa = XCBuildConfiguration;
			buildSettings = {
				ASSETCATALOG_COMPILER_APPICON_NAME = AppIcon;
				INFOPLIST_FILE = testxxx/Info.plist;
				LD_RUNPATH_SEARCH_PATHS = "$(inherited) @executable_path/Frameworks";
				PRODUCT_BUNDLE_IDENTIFIER = com.cinlan.testxxx;
				PRODUCT_NAME = "$(TARGET_NAME)";
			};
			name = Release;
		};
		A82DEBE51FBD5CCA00DD053E /* Debug */ = {
			isa = XCBuildConfiguration;
			buildSettings = {
				INFOPLIST_FILE = testxxxUITests/Info.plist;
				LD_RUNPATH_SEARCH_PATHS = "$(inherited) @executable_path/Frameworks @loader_path/Frameworks";
				PRODUCT_BUNDLE_IDENTIFIER = com.cinlan.testxxxUITests;
				PRODUCT_NAME = "$(TARGET_NAME)";
				TEST_TARGET_NAME = testxxx;
			};
			name = Debug;
		};
		A82DEBE61FBD5CCA00DD053E /* Release */ = {
			isa = XCBuildConfiguration;
			buildSettings = {
				INFOPLIST_FILE = testxxxUITests/Info.plist;
				LD_RUNPATH_SEARCH_PATHS = "$(inherited) @executable_path/Frameworks @loader_path/Frameworks";
				PRODUCT_BUNDLE_IDENTIFIER = com.cinlan.testxxxUITests;
				PRODUCT_NAME = "$(TARGET_NAME)";
				TEST_TARGET_NAME = testxxx;
			};
			name = Release;
		};
/* End XCBuildConfiguration section */

/* Begin XCConfigurationList section */
		A82DEBBA1FBD5CCA00DD053E /* Build configuration list for PBXProject "testxxx" */ = {
			isa = XCConfigurationList;
			buildConfigurations = (
				A82DEBDF1FBD5CCA00DD053E /* Debug */,
				A82DEBE01FBD5CCA00DD053E /* Release */,
			);
			defaultConfigurationIsVisible = 0;
			defaultConfigurationName = Release;
		};
		A82DEBE11FBD5CCA00DD053E /* Build configuration list for PBXNativeTarget "testxxx" */ = {
			isa = XCConfigurationList;
			buildConfigurations = (
				A82DEBE21FBD5CCA00DD053E /* Debug */,
				A82DEBE31FBD5CCA00DD053E /* Release */,
			);
			defaultConfigurationIsVisible = 0;
		};
		A82DEBE41FBD5CCA00DD053E /* Build configuration list for PBXNativeTarget "testxxxUITests" */ = {
			isa = XCConfigurationList;
			buildConfigurations = (
				A82DEBE51FBD5CCA00DD053E /* Debug */,
				A82DEBE61FBD5CCA00DD053E /* Release */,
			);
			defaultConfigurationIsVisible = 0;
		};
/* End XCConfigurationList section */
	};
	rootObject = A82DEBB71FBD5CCA00DD053E /* Project object */;
}
